dependencies:
- name: kube-lego
  repository: https://kubernetes-charts.storage.googleapis.com
  version: 0.4.0
- name: nginx-ingress
  repository: https://kubernetes-charts.storage.googleapis.com
  version: 0.17.1
- name: mysqlha
  repository: https://kubernetes-charts-incubator.storage.googleapis.com
  version: 0.2.0
- name: minio
  repository: https://kubernetes-charts.storage.googleapis.com
  version: 1.3.0
- name: prometheus
  repository: https://kubernetes-charts.storage.googleapis.com
  version: 6.7.0
digest: sha256:e970c78af4b241c6c42b16bcbd794341e75092822f98106e2f82f02067dd403d
generated: 2018-06-02T12:28:30.487162018-04:00
