dependencies:
- name: kube-lego
  repository: https://kubernetes-charts.storage.googleapis.com
  version: 0.4.0
- name: nginx-ingress
  repository: https://kubernetes-charts.storage.googleapis.com
  version: 0.17.1
- name: mysqlha
  repository: https://kubernetes-charts-incubator.storage.googleapis.com
  version: 0.2.0
- name: minio
  repository: https://kubernetes-charts.storage.googleapis.com
  version: 1.3.0
- name: prometheus
  repository: https://kubernetes-charts.storage.googleapis.com
  version: 6.7.0
- name: grafana
  repository: https://kubernetes-charts.storage.googleapis.com
  version: 1.10.1
digest: sha256:359a1282777c5feecdceda3f40923da399856d3b48a7af6df8c4f873b15a3456
generated: 2018-06-04T08:28:01.667794133-04:00
